// !$*UTF8*$!
{
	archiveVersion = 1;
	classes = {
	};
	objectVersion = 56;
	objects = {

/* Begin PBXBuildFile section */
		AB25419E2A772F0B0079FBEF /* SignInViewModel.swift in Sources */ = {isa = PBXBuildFile; fileRef = AB25419D2A772F0B0079FBEF /* SignInViewModel.swift */; };
		AB2541A02A7738EC0079FBEF /* SignUpViewModel.swift in Sources */ = {isa = PBXBuildFile; fileRef = AB25419F2A7738EC0079FBEF /* SignUpViewModel.swift */; };
		AB6102132A5CE14100E2F763 /* Black_MarketApp.swift in Sources */ = {isa = PBXBuildFile; fileRef = AB6102122A5CE14100E2F763 /* Black_MarketApp.swift */; };
		AB6102172A5CE14200E2F763 /* Assets.xcassets in Resources */ = {isa = PBXBuildFile; fileRef = AB6102162A5CE14200E2F763 /* Assets.xcassets */; };
		AB61021A2A5CE14200E2F763 /* Preview Assets.xcassets in Resources */ = {isa = PBXBuildFile; fileRef = AB6102192A5CE14200E2F763 /* Preview Assets.xcassets */; };
		AB6102242A5CE14200E2F763 /* Black_MarketTests.swift in Sources */ = {isa = PBXBuildFile; fileRef = AB6102232A5CE14200E2F763 /* Black_MarketTests.swift */; };
		AB61022E2A5CE14200E2F763 /* Black_MarketUITests.swift in Sources */ = {isa = PBXBuildFile; fileRef = AB61022D2A5CE14200E2F763 /* Black_MarketUITests.swift */; };
		AB6102302A5CE14200E2F763 /* Black_MarketUITestsLaunchTests.swift in Sources */ = {isa = PBXBuildFile; fileRef = AB61022F2A5CE14200E2F763 /* Black_MarketUITestsLaunchTests.swift */; };
		AB6102442A5CE5E300E2F763 /* MarketButton.swift in Sources */ = {isa = PBXBuildFile; fileRef = AB6102432A5CE5E300E2F763 /* MarketButton.swift */; };
		AB6102462A5EE4CE00E2F763 /* MarketTexfield.swift in Sources */ = {isa = PBXBuildFile; fileRef = AB6102452A5EE4CE00E2F763 /* MarketTexfield.swift */; };
		AB61024E2A5F3D2400E2F763 /* LinkNavigation.swift in Sources */ = {isa = PBXBuildFile; fileRef = AB61024D2A5F3D2400E2F763 /* LinkNavigation.swift */; };
		AB719A6D2A7B2E3E0030F52E /* NetworkError.swift in Sources */ = {isa = PBXBuildFile; fileRef = AB719A6C2A7B2E3E0030F52E /* NetworkError.swift */; };
		AB719A6E2A7B2E3E0030F52E /* NetworkError.swift in Sources */ = {isa = PBXBuildFile; fileRef = AB719A6C2A7B2E3E0030F52E /* NetworkError.swift */; };
		AB719A732A7B33F20030F52E /* NetworkEndpoint.swift in Sources */ = {isa = PBXBuildFile; fileRef = AB719A722A7B33F20030F52E /* NetworkEndpoint.swift */; };
		AB719A742A7B33F20030F52E /* NetworkEndpoint.swift in Sources */ = {isa = PBXBuildFile; fileRef = AB719A722A7B33F20030F52E /* NetworkEndpoint.swift */; };
		AB719A762A7B344E0030F52E /* NetworkConstants.swift in Sources */ = {isa = PBXBuildFile; fileRef = AB719A752A7B344E0030F52E /* NetworkConstants.swift */; };
		AB719A772A7B344E0030F52E /* NetworkConstants.swift in Sources */ = {isa = PBXBuildFile; fileRef = AB719A752A7B344E0030F52E /* NetworkConstants.swift */; };
		AB719A792A7B34830030F52E /* HTTPMethod.swift in Sources */ = {isa = PBXBuildFile; fileRef = AB719A782A7B34830030F52E /* HTTPMethod.swift */; };
		AB719A7A2A7B34830030F52E /* HTTPMethod.swift in Sources */ = {isa = PBXBuildFile; fileRef = AB719A782A7B34830030F52E /* HTTPMethod.swift */; };
		AB719A7C2A7B35900030F52E /* NetworkService.swift in Sources */ = {isa = PBXBuildFile; fileRef = AB719A7B2A7B35900030F52E /* NetworkService.swift */; };
		AB719A7D2A7B35900030F52E /* NetworkService.swift in Sources */ = {isa = PBXBuildFile; fileRef = AB719A7B2A7B35900030F52E /* NetworkService.swift */; };
		AB719A812A7B37300030F52E /* SignInEndpoint.swift in Sources */ = {isa = PBXBuildFile; fileRef = AB719A802A7B37300030F52E /* SignInEndpoint.swift */; };
		AB719A822A7B37300030F52E /* SignInEndpoint.swift in Sources */ = {isa = PBXBuildFile; fileRef = AB719A802A7B37300030F52E /* SignInEndpoint.swift */; };
		AB719A862A7B3C570030F52E /* SignUpEndpoint.swift in Sources */ = {isa = PBXBuildFile; fileRef = AB719A852A7B3C570030F52E /* SignUpEndpoint.swift */; };
		AB719A872A7B3C570030F52E /* SignUpEndpoint.swift in Sources */ = {isa = PBXBuildFile; fileRef = AB719A852A7B3C570030F52E /* SignUpEndpoint.swift */; };
		AB719A8C2A7B3F690030F52E /* UserNetworkService.swift in Sources */ = {isa = PBXBuildFile; fileRef = AB719A8B2A7B3F690030F52E /* UserNetworkService.swift */; };
		AB719A8D2A7B3F690030F52E /* UserNetworkService.swift in Sources */ = {isa = PBXBuildFile; fileRef = AB719A8B2A7B3F690030F52E /* UserNetworkService.swift */; };
		AB719A8F2A7B3FBE0030F52E /* UserNetworkInterface.swift in Sources */ = {isa = PBXBuildFile; fileRef = AB719A8E2A7B3FBE0030F52E /* UserNetworkInterface.swift */; };
		AB719A902A7B3FBE0030F52E /* UserNetworkInterface.swift in Sources */ = {isa = PBXBuildFile; fileRef = AB719A8E2A7B3FBE0030F52E /* UserNetworkInterface.swift */; };
		AB719A922A7B40230030F52E /* DefaultResponse.swift in Sources */ = {isa = PBXBuildFile; fileRef = AB719A912A7B40230030F52E /* DefaultResponse.swift */; };
		AB719A932A7B40230030F52E /* DefaultResponse.swift in Sources */ = {isa = PBXBuildFile; fileRef = AB719A912A7B40230030F52E /* DefaultResponse.swift */; };
		AB719A952A7B416A0030F52E /* UserDataResponse.swift in Sources */ = {isa = PBXBuildFile; fileRef = AB719A942A7B416A0030F52E /* UserDataResponse.swift */; };
		AB719A962A7B416A0030F52E /* UserDataResponse.swift in Sources */ = {isa = PBXBuildFile; fileRef = AB719A942A7B416A0030F52E /* UserDataResponse.swift */; };
		AB719AA42A81C26A0030F52E /* SignUpRequest.swift in Sources */ = {isa = PBXBuildFile; fileRef = AB719AA32A81C26A0030F52E /* SignUpRequest.swift */; };
		AB719AA52A81C26A0030F52E /* SignUpRequest.swift in Sources */ = {isa = PBXBuildFile; fileRef = AB719AA32A81C26A0030F52E /* SignUpRequest.swift */; };
		AB719AA72A81CFB10030F52E /* DateExtension.swift in Sources */ = {isa = PBXBuildFile; fileRef = AB719AA62A81CFB10030F52E /* DateExtension.swift */; };
		AB719AA82A81CFB10030F52E /* DateExtension.swift in Sources */ = {isa = PBXBuildFile; fileRef = AB719AA62A81CFB10030F52E /* DateExtension.swift */; };
		AB719AAA2A81DC8D0030F52E /* JSONDecoderExtension.swift in Sources */ = {isa = PBXBuildFile; fileRef = AB719AA92A81DC8D0030F52E /* JSONDecoderExtension.swift */; };
		AB719AAB2A81DC8D0030F52E /* JSONDecoderExtension.swift in Sources */ = {isa = PBXBuildFile; fileRef = AB719AA92A81DC8D0030F52E /* JSONDecoderExtension.swift */; };
		AB719AAD2A81DCB70030F52E /* PublisherExtension.swift in Sources */ = {isa = PBXBuildFile; fileRef = AB719AAC2A81DCB70030F52E /* PublisherExtension.swift */; };
		AB719AAE2A81DCB70030F52E /* PublisherExtension.swift in Sources */ = {isa = PBXBuildFile; fileRef = AB719AAC2A81DCB70030F52E /* PublisherExtension.swift */; };
		AB719AB02A81DF3B0030F52E /* SignInRequest.swift in Sources */ = {isa = PBXBuildFile; fileRef = AB719AAF2A81DF3B0030F52E /* SignInRequest.swift */; };
		AB719AB12A81DF3B0030F52E /* SignInRequest.swift in Sources */ = {isa = PBXBuildFile; fileRef = AB719AAF2A81DF3B0030F52E /* SignInRequest.swift */; };
		AB79627D2A6DF34800F9390F /* ImageExtension.swift in Sources */ = {isa = PBXBuildFile; fileRef = AB79627C2A6DF34800F9390F /* ImageExtension.swift */; };
		AB79627E2A6DF34800F9390F /* ImageExtension.swift in Sources */ = {isa = PBXBuildFile; fileRef = AB79627C2A6DF34800F9390F /* ImageExtension.swift */; };
		AB7962802A6DF45100F9390F /* ColorExtension.swift in Sources */ = {isa = PBXBuildFile; fileRef = AB79627F2A6DF45100F9390F /* ColorExtension.swift */; };
		AB7962812A6DF45100F9390F /* ColorExtension.swift in Sources */ = {isa = PBXBuildFile; fileRef = AB79627F2A6DF45100F9390F /* ColorExtension.swift */; };
		AB7962842A6DF73300F9390F /* UIConstants.swift in Sources */ = {isa = PBXBuildFile; fileRef = AB7962832A6DF73300F9390F /* UIConstants.swift */; };
		AB7962852A6DF73300F9390F /* UIConstants.swift in Sources */ = {isa = PBXBuildFile; fileRef = AB7962832A6DF73300F9390F /* UIConstants.swift */; };
		AB82D8E62A6623D4008AD3CA /* ViewExtension.swift in Sources */ = {isa = PBXBuildFile; fileRef = AB82D8E52A6623D4008AD3CA /* ViewExtension.swift */; };
		AB82D8EC2A662945008AD3CA /* SignUpView.swift in Sources */ = {isa = PBXBuildFile; fileRef = AB82D8E92A662945008AD3CA /* SignUpView.swift */; };
		AB82D8ED2A662945008AD3CA /* SignInView.swift in Sources */ = {isa = PBXBuildFile; fileRef = AB82D8EB2A662945008AD3CA /* SignInView.swift */; };
		AB86076F2A7041D300D1FCAD /* StringExtension.swift in Sources */ = {isa = PBXBuildFile; fileRef = AB86076E2A7041D300D1FCAD /* StringExtension.swift */; };
		AB8607712A70663A00D1FCAD /* Localizable.xcstrings in Resources */ = {isa = PBXBuildFile; fileRef = AB8607702A70663A00D1FCAD /* Localizable.xcstrings */; };
		AB8607792A72E11300D1FCAD /* DMSans-Regular.ttf in Resources */ = {isa = PBXBuildFile; fileRef = AB8607732A72E11200D1FCAD /* DMSans-Regular.ttf */; };
		AB86077A2A72E11300D1FCAD /* DMSans-Bold.ttf in Resources */ = {isa = PBXBuildFile; fileRef = AB8607742A72E11200D1FCAD /* DMSans-Bold.ttf */; };
		AB86077B2A72E11300D1FCAD /* DMSans-Italic.ttf in Resources */ = {isa = PBXBuildFile; fileRef = AB8607752A72E11200D1FCAD /* DMSans-Italic.ttf */; };
		AB86077C2A72E11300D1FCAD /* DMSans-BoldItalic.ttf in Resources */ = {isa = PBXBuildFile; fileRef = AB8607762A72E11300D1FCAD /* DMSans-BoldItalic.ttf */; };
		AB86077D2A72E11300D1FCAD /* DMSans-Medium.ttf in Resources */ = {isa = PBXBuildFile; fileRef = AB8607772A72E11300D1FCAD /* DMSans-Medium.ttf */; };
		AB86077E2A72E11300D1FCAD /* DMSans-MediumItalic.ttf in Resources */ = {isa = PBXBuildFile; fileRef = AB8607782A72E11300D1FCAD /* DMSans-MediumItalic.ttf */; };
		AB8607812A72E14D00D1FCAD /* FontStyle.swift in Sources */ = {isa = PBXBuildFile; fileRef = AB8607802A72E14D00D1FCAD /* FontStyle.swift */; };
		AB8607832A72E6E500D1FCAD /* FontRegister.swift in Sources */ = {isa = PBXBuildFile; fileRef = AB8607822A72E6E500D1FCAD /* FontRegister.swift */; };
/* End PBXBuildFile section */

/* Begin PBXContainerItemProxy section */
		AB6102202A5CE14200E2F763 /* PBXContainerItemProxy */ = {
			isa = PBXContainerItemProxy;
			containerPortal = AB6102072A5CE14000E2F763 /* Project object */;
			proxyType = 1;
			remoteGlobalIDString = AB61020E2A5CE14100E2F763;
			remoteInfo = "Black-Market";
		};
		AB61022A2A5CE14200E2F763 /* PBXContainerItemProxy */ = {
			isa = PBXContainerItemProxy;
			containerPortal = AB6102072A5CE14000E2F763 /* Project object */;
			proxyType = 1;
			remoteGlobalIDString = AB61020E2A5CE14100E2F763;
			remoteInfo = "Black-Market";
		};
/* End PBXContainerItemProxy section */

/* Begin PBXFileReference section */
		AB25419D2A772F0B0079FBEF /* SignInViewModel.swift */ = {isa = PBXFileReference; lastKnownFileType = sourcecode.swift; path = SignInViewModel.swift; sourceTree = "<group>"; };
		AB25419F2A7738EC0079FBEF /* SignUpViewModel.swift */ = {isa = PBXFileReference; lastKnownFileType = sourcecode.swift; path = SignUpViewModel.swift; sourceTree = "<group>"; };
		AB61020F2A5CE14100E2F763 /* Black-Market.app */ = {isa = PBXFileReference; explicitFileType = wrapper.application; includeInIndex = 0; path = "Black-Market.app"; sourceTree = BUILT_PRODUCTS_DIR; };
		AB6102122A5CE14100E2F763 /* Black_MarketApp.swift */ = {isa = PBXFileReference; lastKnownFileType = sourcecode.swift; path = Black_MarketApp.swift; sourceTree = "<group>"; };
		AB6102162A5CE14200E2F763 /* Assets.xcassets */ = {isa = PBXFileReference; lastKnownFileType = folder.assetcatalog; path = Assets.xcassets; sourceTree = "<group>"; };
		AB6102192A5CE14200E2F763 /* Preview Assets.xcassets */ = {isa = PBXFileReference; lastKnownFileType = folder.assetcatalog; path = "Preview Assets.xcassets"; sourceTree = "<group>"; };
		AB61021F2A5CE14200E2F763 /* Black-MarketTests.xctest */ = {isa = PBXFileReference; explicitFileType = wrapper.cfbundle; includeInIndex = 0; path = "Black-MarketTests.xctest"; sourceTree = BUILT_PRODUCTS_DIR; };
		AB6102232A5CE14200E2F763 /* Black_MarketTests.swift */ = {isa = PBXFileReference; lastKnownFileType = sourcecode.swift; path = Black_MarketTests.swift; sourceTree = "<group>"; };
		AB6102292A5CE14200E2F763 /* Black-MarketUITests.xctest */ = {isa = PBXFileReference; explicitFileType = wrapper.cfbundle; includeInIndex = 0; path = "Black-MarketUITests.xctest"; sourceTree = BUILT_PRODUCTS_DIR; };
		AB61022D2A5CE14200E2F763 /* Black_MarketUITests.swift */ = {isa = PBXFileReference; lastKnownFileType = sourcecode.swift; path = Black_MarketUITests.swift; sourceTree = "<group>"; };
		AB61022F2A5CE14200E2F763 /* Black_MarketUITestsLaunchTests.swift */ = {isa = PBXFileReference; lastKnownFileType = sourcecode.swift; path = Black_MarketUITestsLaunchTests.swift; sourceTree = "<group>"; };
		AB6102432A5CE5E300E2F763 /* MarketButton.swift */ = {isa = PBXFileReference; lastKnownFileType = sourcecode.swift; path = MarketButton.swift; sourceTree = "<group>"; };
		AB6102452A5EE4CE00E2F763 /* MarketTexfield.swift */ = {isa = PBXFileReference; lastKnownFileType = sourcecode.swift; path = MarketTexfield.swift; sourceTree = "<group>"; };
		AB61024D2A5F3D2400E2F763 /* LinkNavigation.swift */ = {isa = PBXFileReference; lastKnownFileType = sourcecode.swift; path = LinkNavigation.swift; sourceTree = "<group>"; };
		AB719A6C2A7B2E3E0030F52E /* NetworkError.swift */ = {isa = PBXFileReference; lastKnownFileType = sourcecode.swift; path = NetworkError.swift; sourceTree = "<group>"; };
		AB719A722A7B33F20030F52E /* NetworkEndpoint.swift */ = {isa = PBXFileReference; lastKnownFileType = sourcecode.swift; path = NetworkEndpoint.swift; sourceTree = "<group>"; };
		AB719A752A7B344E0030F52E /* NetworkConstants.swift */ = {isa = PBXFileReference; lastKnownFileType = sourcecode.swift; path = NetworkConstants.swift; sourceTree = "<group>"; };
		AB719A782A7B34830030F52E /* HTTPMethod.swift */ = {isa = PBXFileReference; lastKnownFileType = sourcecode.swift; path = HTTPMethod.swift; sourceTree = "<group>"; };
		AB719A7B2A7B35900030F52E /* NetworkService.swift */ = {isa = PBXFileReference; lastKnownFileType = sourcecode.swift; path = NetworkService.swift; sourceTree = "<group>"; };
		AB719A802A7B37300030F52E /* SignInEndpoint.swift */ = {isa = PBXFileReference; lastKnownFileType = sourcecode.swift; path = SignInEndpoint.swift; sourceTree = "<group>"; };
		AB719A852A7B3C570030F52E /* SignUpEndpoint.swift */ = {isa = PBXFileReference; lastKnownFileType = sourcecode.swift; path = SignUpEndpoint.swift; sourceTree = "<group>"; };
		AB719A8B2A7B3F690030F52E /* UserNetworkService.swift */ = {isa = PBXFileReference; lastKnownFileType = sourcecode.swift; path = UserNetworkService.swift; sourceTree = "<group>"; };
		AB719A8E2A7B3FBE0030F52E /* UserNetworkInterface.swift */ = {isa = PBXFileReference; lastKnownFileType = sourcecode.swift; path = UserNetworkInterface.swift; sourceTree = "<group>"; };
		AB719A912A7B40230030F52E /* DefaultResponse.swift */ = {isa = PBXFileReference; lastKnownFileType = sourcecode.swift; path = DefaultResponse.swift; sourceTree = "<group>"; };
		AB719A942A7B416A0030F52E /* UserDataResponse.swift */ = {isa = PBXFileReference; lastKnownFileType = sourcecode.swift; path = UserDataResponse.swift; sourceTree = "<group>"; };
		AB719A972A7B48080030F52E /* Info.plist */ = {isa = PBXFileReference; lastKnownFileType = text.plist; path = Info.plist; sourceTree = "<group>"; };
		AB719AA32A81C26A0030F52E /* SignUpRequest.swift */ = {isa = PBXFileReference; lastKnownFileType = sourcecode.swift; path = SignUpRequest.swift; sourceTree = "<group>"; };
		AB719AA62A81CFB10030F52E /* DateExtension.swift */ = {isa = PBXFileReference; lastKnownFileType = sourcecode.swift; path = DateExtension.swift; sourceTree = "<group>"; };
		AB719AA92A81DC8D0030F52E /* JSONDecoderExtension.swift */ = {isa = PBXFileReference; lastKnownFileType = sourcecode.swift; path = JSONDecoderExtension.swift; sourceTree = "<group>"; };
		AB719AAC2A81DCB70030F52E /* PublisherExtension.swift */ = {isa = PBXFileReference; lastKnownFileType = sourcecode.swift; path = PublisherExtension.swift; sourceTree = "<group>"; };
		AB719AAF2A81DF3B0030F52E /* SignInRequest.swift */ = {isa = PBXFileReference; lastKnownFileType = sourcecode.swift; path = SignInRequest.swift; sourceTree = "<group>"; };
		AB79627C2A6DF34800F9390F /* ImageExtension.swift */ = {isa = PBXFileReference; lastKnownFileType = sourcecode.swift; path = ImageExtension.swift; sourceTree = "<group>"; };
		AB79627F2A6DF45100F9390F /* ColorExtension.swift */ = {isa = PBXFileReference; lastKnownFileType = sourcecode.swift; path = ColorExtension.swift; sourceTree = "<group>"; };
		AB7962832A6DF73300F9390F /* UIConstants.swift */ = {isa = PBXFileReference; lastKnownFileType = sourcecode.swift; path = UIConstants.swift; sourceTree = "<group>"; };
		AB82D8E52A6623D4008AD3CA /* ViewExtension.swift */ = {isa = PBXFileReference; lastKnownFileType = sourcecode.swift; path = ViewExtension.swift; sourceTree = "<group>"; };
		AB82D8E92A662945008AD3CA /* SignUpView.swift */ = {isa = PBXFileReference; fileEncoding = 4; lastKnownFileType = sourcecode.swift; path = SignUpView.swift; sourceTree = "<group>"; };
		AB82D8EB2A662945008AD3CA /* SignInView.swift */ = {isa = PBXFileReference; fileEncoding = 4; lastKnownFileType = sourcecode.swift; path = SignInView.swift; sourceTree = "<group>"; };
		AB86076E2A7041D300D1FCAD /* StringExtension.swift */ = {isa = PBXFileReference; lastKnownFileType = sourcecode.swift; path = StringExtension.swift; sourceTree = "<group>"; };
		AB8607702A70663A00D1FCAD /* Localizable.xcstrings */ = {isa = PBXFileReference; lastKnownFileType = text.json.xcstrings; path = Localizable.xcstrings; sourceTree = "<group>"; };
		AB8607732A72E11200D1FCAD /* DMSans-Regular.ttf */ = {isa = PBXFileReference; lastKnownFileType = file; path = "DMSans-Regular.ttf"; sourceTree = "<group>"; };
		AB8607742A72E11200D1FCAD /* DMSans-Bold.ttf */ = {isa = PBXFileReference; lastKnownFileType = file; path = "DMSans-Bold.ttf"; sourceTree = "<group>"; };
		AB8607752A72E11200D1FCAD /* DMSans-Italic.ttf */ = {isa = PBXFileReference; lastKnownFileType = file; path = "DMSans-Italic.ttf"; sourceTree = "<group>"; };
		AB8607762A72E11300D1FCAD /* DMSans-BoldItalic.ttf */ = {isa = PBXFileReference; lastKnownFileType = file; path = "DMSans-BoldItalic.ttf"; sourceTree = "<group>"; };
		AB8607772A72E11300D1FCAD /* DMSans-Medium.ttf */ = {isa = PBXFileReference; lastKnownFileType = file; path = "DMSans-Medium.ttf"; sourceTree = "<group>"; };
		AB8607782A72E11300D1FCAD /* DMSans-MediumItalic.ttf */ = {isa = PBXFileReference; lastKnownFileType = file; path = "DMSans-MediumItalic.ttf"; sourceTree = "<group>"; };
		AB8607802A72E14D00D1FCAD /* FontStyle.swift */ = {isa = PBXFileReference; lastKnownFileType = sourcecode.swift; path = FontStyle.swift; sourceTree = "<group>"; };
		AB8607822A72E6E500D1FCAD /* FontRegister.swift */ = {isa = PBXFileReference; lastKnownFileType = sourcecode.swift; path = FontRegister.swift; sourceTree = "<group>"; };
/* End PBXFileReference section */

/* Begin PBXFrameworksBuildPhase section */
		AB61020C2A5CE14100E2F763 /* Frameworks */ = {
			isa = PBXFrameworksBuildPhase;
			buildActionMask = 2147483647;
			files = (
			);
			runOnlyForDeploymentPostprocessing = 0;
		};
		AB61021C2A5CE14200E2F763 /* Frameworks */ = {
			isa = PBXFrameworksBuildPhase;
			buildActionMask = 2147483647;
			files = (
			);
			runOnlyForDeploymentPostprocessing = 0;
		};
		AB6102262A5CE14200E2F763 /* Frameworks */ = {
			isa = PBXFrameworksBuildPhase;
			buildActionMask = 2147483647;
			files = (
			);
			runOnlyForDeploymentPostprocessing = 0;
		};
/* End PBXFrameworksBuildPhase section */

/* Begin PBXGroup section */
		AB6102062A5CE14000E2F763 = {
			isa = PBXGroup;
			children = (
				AB6102112A5CE14100E2F763 /* Black-Market */,
				AB6102222A5CE14200E2F763 /* Black-MarketTests */,
				AB61022C2A5CE14200E2F763 /* Black-MarketUITests */,
				AB6102102A5CE14100E2F763 /* Products */,
			);
			sourceTree = "<group>";
		};
		AB6102102A5CE14100E2F763 /* Products */ = {
			isa = PBXGroup;
			children = (
				AB61020F2A5CE14100E2F763 /* Black-Market.app */,
				AB61021F2A5CE14200E2F763 /* Black-MarketTests.xctest */,
				AB6102292A5CE14200E2F763 /* Black-MarketUITests.xctest */,
			);
			name = Products;
			sourceTree = "<group>";
		};
		AB6102112A5CE14100E2F763 /* Black-Market */ = {
			isa = PBXGroup;
			children = (
				AB719A972A7B48080030F52E /* Info.plist */,
				AB719A842A7B37FA0030F52E /* Models */,
				AB719A832A7B377C0030F52E /* Protocols */,
				AB719A652A7B2D690030F52E /* Network */,
				AB8607722A72E03200D1FCAD /* Resources */,
				AB7962822A6DF72400F9390F /* Helpers */,
				AB82D8E42A66237D008AD3CA /* Extensions */,
				AB82D8E72A662945008AD3CA /* Scenes */,
				AB6102422A5CE58200E2F763 /* Components */,
				AB6102122A5CE14100E2F763 /* Black_MarketApp.swift */,
				AB6102162A5CE14200E2F763 /* Assets.xcassets */,
				AB6102182A5CE14200E2F763 /* Preview Content */,
				AB8607702A70663A00D1FCAD /* Localizable.xcstrings */,
			);
			path = "Black-Market";
			sourceTree = "<group>";
		};
		AB6102182A5CE14200E2F763 /* Preview Content */ = {
			isa = PBXGroup;
			children = (
				AB6102192A5CE14200E2F763 /* Preview Assets.xcassets */,
			);
			path = "Preview Content";
			sourceTree = "<group>";
		};
		AB6102222A5CE14200E2F763 /* Black-MarketTests */ = {
			isa = PBXGroup;
			children = (
				AB6102232A5CE14200E2F763 /* Black_MarketTests.swift */,
			);
			path = "Black-MarketTests";
			sourceTree = "<group>";
		};
		AB61022C2A5CE14200E2F763 /* Black-MarketUITests */ = {
			isa = PBXGroup;
			children = (
				AB61022D2A5CE14200E2F763 /* Black_MarketUITests.swift */,
				AB61022F2A5CE14200E2F763 /* Black_MarketUITestsLaunchTests.swift */,
			);
			path = "Black-MarketUITests";
			sourceTree = "<group>";
		};
		AB6102422A5CE58200E2F763 /* Components */ = {
			isa = PBXGroup;
			children = (
				AB6102432A5CE5E300E2F763 /* MarketButton.swift */,
				AB6102452A5EE4CE00E2F763 /* MarketTexfield.swift */,
				AB61024D2A5F3D2400E2F763 /* LinkNavigation.swift */,
			);
			path = Components;
			sourceTree = "<group>";
		};
		AB719A652A7B2D690030F52E /* Network */ = {
			isa = PBXGroup;
			children = (
				AB719A7F2A7B36800030F52E /* Endpoints */,
				AB719A7E2A7B36710030F52E /* Services */,
				AB719A6C2A7B2E3E0030F52E /* NetworkError.swift */,
				AB719A722A7B33F20030F52E /* NetworkEndpoint.swift */,
				AB719A782A7B34830030F52E /* HTTPMethod.swift */,
				AB719A7B2A7B35900030F52E /* NetworkService.swift */,
			);
			path = Network;
			sourceTree = "<group>";
		};
		AB719A7E2A7B36710030F52E /* Services */ = {
			isa = PBXGroup;
			children = (
				AB719A8B2A7B3F690030F52E /* UserNetworkService.swift */,
			);
			path = Services;
			sourceTree = "<group>";
		};
		AB719A7F2A7B36800030F52E /* Endpoints */ = {
			isa = PBXGroup;
			children = (
				AB719A802A7B37300030F52E /* SignInEndpoint.swift */,
				AB719A852A7B3C570030F52E /* SignUpEndpoint.swift */,
			);
			path = Endpoints;
			sourceTree = "<group>";
		};
		AB719A832A7B377C0030F52E /* Protocols */ = {
			isa = PBXGroup;
			children = (
				AB719A8E2A7B3FBE0030F52E /* UserNetworkInterface.swift */,
			);
			path = Protocols;
			sourceTree = "<group>";
		};
		AB719A842A7B37FA0030F52E /* Models */ = {
			isa = PBXGroup;
			children = (
				AB719A912A7B40230030F52E /* DefaultResponse.swift */,
				AB719A942A7B416A0030F52E /* UserDataResponse.swift */,
				AB719AA32A81C26A0030F52E /* SignUpRequest.swift */,
				AB719AAF2A81DF3B0030F52E /* SignInRequest.swift */,
			);
			path = Models;
			sourceTree = "<group>";
		};
		AB7962822A6DF72400F9390F /* Helpers */ = {
			isa = PBXGroup;
			children = (
				AB7962832A6DF73300F9390F /* UIConstants.swift */,
				AB719A752A7B344E0030F52E /* NetworkConstants.swift */,
			);
			path = Helpers;
			sourceTree = "<group>";
		};
		AB82D8E42A66237D008AD3CA /* Extensions */ = {
			isa = PBXGroup;
			children = (
				AB86077F2A72E12D00D1FCAD /* Font */,
				AB82D8E52A6623D4008AD3CA /* ViewExtension.swift */,
				AB79627C2A6DF34800F9390F /* ImageExtension.swift */,
				AB79627F2A6DF45100F9390F /* ColorExtension.swift */,
				AB86076E2A7041D300D1FCAD /* StringExtension.swift */,
				AB719AA62A81CFB10030F52E /* DateExtension.swift */,
				AB719AA92A81DC8D0030F52E /* JSONDecoderExtension.swift */,
				AB719AAC2A81DCB70030F52E /* PublisherExtension.swift */,
			);
			path = Extensions;
			sourceTree = "<group>";
		};
		AB82D8E72A662945008AD3CA /* Scenes */ = {
			isa = PBXGroup;
			children = (
				AB82D8E82A662945008AD3CA /* SignUp */,
				AB82D8EA2A662945008AD3CA /* SignIn */,
			);
			path = Scenes;
			sourceTree = "<group>";
		};
		AB82D8E82A662945008AD3CA /* SignUp */ = {
			isa = PBXGroup;
			children = (
				AB82D8E92A662945008AD3CA /* SignUpView.swift */,
				AB25419F2A7738EC0079FBEF /* SignUpViewModel.swift */,
			);
			path = SignUp;
			sourceTree = "<group>";
		};
		AB82D8EA2A662945008AD3CA /* SignIn */ = {
			isa = PBXGroup;
			children = (
				AB82D8EB2A662945008AD3CA /* SignInView.swift */,
				AB25419D2A772F0B0079FBEF /* SignInViewModel.swift */,
			);
			path = SignIn;
			sourceTree = "<group>";
		};
		AB8607722A72E03200D1FCAD /* Resources */ = {
			isa = PBXGroup;
			children = (
				AB8607742A72E11200D1FCAD /* DMSans-Bold.ttf */,
				AB8607762A72E11300D1FCAD /* DMSans-BoldItalic.ttf */,
				AB8607752A72E11200D1FCAD /* DMSans-Italic.ttf */,
				AB8607772A72E11300D1FCAD /* DMSans-Medium.ttf */,
				AB8607782A72E11300D1FCAD /* DMSans-MediumItalic.ttf */,
				AB8607732A72E11200D1FCAD /* DMSans-Regular.ttf */,
			);
			path = Resources;
			sourceTree = "<group>";
		};
		AB86077F2A72E12D00D1FCAD /* Font */ = {
			isa = PBXGroup;
			children = (
				AB8607802A72E14D00D1FCAD /* FontStyle.swift */,
				AB8607822A72E6E500D1FCAD /* FontRegister.swift */,
			);
			path = Font;
			sourceTree = "<group>";
		};
/* End PBXGroup section */

/* Begin PBXNativeTarget section */
		AB61020E2A5CE14100E2F763 /* Black-Market */ = {
			isa = PBXNativeTarget;
			buildConfigurationList = AB6102332A5CE14200E2F763 /* Build configuration list for PBXNativeTarget "Black-Market" */;
			buildPhases = (
				AB61020B2A5CE14100E2F763 /* Sources */,
				AB61020C2A5CE14100E2F763 /* Frameworks */,
				AB61020D2A5CE14100E2F763 /* Resources */,
			);
			buildRules = (
			);
			dependencies = (
			);
			name = "Black-Market";
			productName = "Black-Market";
			productReference = AB61020F2A5CE14100E2F763 /* Black-Market.app */;
			productType = "com.apple.product-type.application";
		};
		AB61021E2A5CE14200E2F763 /* Black-MarketTests */ = {
			isa = PBXNativeTarget;
			buildConfigurationList = AB6102362A5CE14200E2F763 /* Build configuration list for PBXNativeTarget "Black-MarketTests" */;
			buildPhases = (
				AB61021B2A5CE14200E2F763 /* Sources */,
				AB61021C2A5CE14200E2F763 /* Frameworks */,
				AB61021D2A5CE14200E2F763 /* Resources */,
			);
			buildRules = (
			);
			dependencies = (
				AB6102212A5CE14200E2F763 /* PBXTargetDependency */,
			);
			name = "Black-MarketTests";
			productName = "Black-MarketTests";
			productReference = AB61021F2A5CE14200E2F763 /* Black-MarketTests.xctest */;
			productType = "com.apple.product-type.bundle.unit-test";
		};
		AB6102282A5CE14200E2F763 /* Black-MarketUITests */ = {
			isa = PBXNativeTarget;
			buildConfigurationList = AB6102392A5CE14200E2F763 /* Build configuration list for PBXNativeTarget "Black-MarketUITests" */;
			buildPhases = (
				AB6102252A5CE14200E2F763 /* Sources */,
				AB6102262A5CE14200E2F763 /* Frameworks */,
				AB6102272A5CE14200E2F763 /* Resources */,
			);
			buildRules = (
			);
			dependencies = (
				AB61022B2A5CE14200E2F763 /* PBXTargetDependency */,
			);
			name = "Black-MarketUITests";
			productName = "Black-MarketUITests";
			productReference = AB6102292A5CE14200E2F763 /* Black-MarketUITests.xctest */;
			productType = "com.apple.product-type.bundle.ui-testing";
		};
/* End PBXNativeTarget section */

/* Begin PBXProject section */
		AB6102072A5CE14000E2F763 /* Project object */ = {
			isa = PBXProject;
			attributes = {
				BuildIndependentTargetsInParallel = 1;
				LastSwiftUpdateCheck = 1430;
				LastUpgradeCheck = 1430;
				TargetAttributes = {
					AB61020E2A5CE14100E2F763 = {
						CreatedOnToolsVersion = 14.3.1;
					};
					AB61021E2A5CE14200E2F763 = {
						CreatedOnToolsVersion = 14.3.1;
						TestTargetID = AB61020E2A5CE14100E2F763;
					};
					AB6102282A5CE14200E2F763 = {
						CreatedOnToolsVersion = 14.3.1;
						TestTargetID = AB61020E2A5CE14100E2F763;
					};
				};
			};
			buildConfigurationList = AB61020A2A5CE14000E2F763 /* Build configuration list for PBXProject "Black-Market" */;
			compatibilityVersion = "Xcode 14.0";
			developmentRegion = "es-419";
			hasScannedForEncodings = 0;
			knownRegions = (
				en,
				Base,
				"es-419",
			);
			mainGroup = AB6102062A5CE14000E2F763;
			productRefGroup = AB6102102A5CE14100E2F763 /* Products */;
			projectDirPath = "";
			projectRoot = "";
			targets = (
				AB61020E2A5CE14100E2F763 /* Black-Market */,
				AB61021E2A5CE14200E2F763 /* Black-MarketTests */,
				AB6102282A5CE14200E2F763 /* Black-MarketUITests */,
			);
		};
/* End PBXProject section */

/* Begin PBXResourcesBuildPhase section */
		AB61020D2A5CE14100E2F763 /* Resources */ = {
			isa = PBXResourcesBuildPhase;
			buildActionMask = 2147483647;
			files = (
				AB61021A2A5CE14200E2F763 /* Preview Assets.xcassets in Resources */,
				AB86077D2A72E11300D1FCAD /* DMSans-Medium.ttf in Resources */,
				AB86077A2A72E11300D1FCAD /* DMSans-Bold.ttf in Resources */,
				AB86077E2A72E11300D1FCAD /* DMSans-MediumItalic.ttf in Resources */,
				AB86077C2A72E11300D1FCAD /* DMSans-BoldItalic.ttf in Resources */,
				AB6102172A5CE14200E2F763 /* Assets.xcassets in Resources */,
				AB8607712A70663A00D1FCAD /* Localizable.xcstrings in Resources */,
				AB86077B2A72E11300D1FCAD /* DMSans-Italic.ttf in Resources */,
				AB8607792A72E11300D1FCAD /* DMSans-Regular.ttf in Resources */,
			);
			runOnlyForDeploymentPostprocessing = 0;
		};
		AB61021D2A5CE14200E2F763 /* Resources */ = {
			isa = PBXResourcesBuildPhase;
			buildActionMask = 2147483647;
			files = (
			);
			runOnlyForDeploymentPostprocessing = 0;
		};
		AB6102272A5CE14200E2F763 /* Resources */ = {
			isa = PBXResourcesBuildPhase;
			buildActionMask = 2147483647;
			files = (
			);
			runOnlyForDeploymentPostprocessing = 0;
		};
/* End PBXResourcesBuildPhase section */

/* Begin PBXSourcesBuildPhase section */
		AB61020B2A5CE14100E2F763 /* Sources */ = {
			isa = PBXSourcesBuildPhase;
			buildActionMask = 2147483647;
			files = (
				AB719A762A7B344E0030F52E /* NetworkConstants.swift in Sources */,
				AB719AA72A81CFB10030F52E /* DateExtension.swift in Sources */,
				AB719A952A7B416A0030F52E /* UserDataResponse.swift in Sources */,
				AB719AB02A81DF3B0030F52E /* SignInRequest.swift in Sources */,
				AB82D8E62A6623D4008AD3CA /* ViewExtension.swift in Sources */,
				AB719A7C2A7B35900030F52E /* NetworkService.swift in Sources */,
				AB61024E2A5F3D2400E2F763 /* LinkNavigation.swift in Sources */,
				AB25419E2A772F0B0079FBEF /* SignInViewModel.swift in Sources */,
				AB8607812A72E14D00D1FCAD /* FontStyle.swift in Sources */,
				AB82D8ED2A662945008AD3CA /* SignInView.swift in Sources */,
				AB719A8F2A7B3FBE0030F52E /* UserNetworkInterface.swift in Sources */,
				AB719A8C2A7B3F690030F52E /* UserNetworkService.swift in Sources */,
				AB7962802A6DF45100F9390F /* ColorExtension.swift in Sources */,
				AB719A922A7B40230030F52E /* DefaultResponse.swift in Sources */,
				AB79627D2A6DF34800F9390F /* ImageExtension.swift in Sources */,
				AB2541A02A7738EC0079FBEF /* SignUpViewModel.swift in Sources */,
				AB719AA42A81C26A0030F52E /* SignUpRequest.swift in Sources */,
				AB719A862A7B3C570030F52E /* SignUpEndpoint.swift in Sources */,
				AB8607832A72E6E500D1FCAD /* FontRegister.swift in Sources */,
				AB719A812A7B37300030F52E /* SignInEndpoint.swift in Sources */,
				AB6102462A5EE4CE00E2F763 /* MarketTexfield.swift in Sources */,
				AB6102132A5CE14100E2F763 /* Black_MarketApp.swift in Sources */,
				AB719A792A7B34830030F52E /* HTTPMethod.swift in Sources */,
				AB86076F2A7041D300D1FCAD /* StringExtension.swift in Sources */,
				AB82D8EC2A662945008AD3CA /* SignUpView.swift in Sources */,
				AB719AAA2A81DC8D0030F52E /* JSONDecoderExtension.swift in Sources */,
				AB6102442A5CE5E300E2F763 /* MarketButton.swift in Sources */,
				AB719A6D2A7B2E3E0030F52E /* NetworkError.swift in Sources */,
				AB7962842A6DF73300F9390F /* UIConstants.swift in Sources */,
				AB719AAD2A81DCB70030F52E /* PublisherExtension.swift in Sources */,
				AB719A732A7B33F20030F52E /* NetworkEndpoint.swift in Sources */,
			);
			runOnlyForDeploymentPostprocessing = 0;
		};
		AB61021B2A5CE14200E2F763 /* Sources */ = {
			isa = PBXSourcesBuildPhase;
			buildActionMask = 2147483647;
			files = (
				AB719AAB2A81DC8D0030F52E /* JSONDecoderExtension.swift in Sources */,
				AB7962812A6DF45100F9390F /* ColorExtension.swift in Sources */,
				AB719AA82A81CFB10030F52E /* DateExtension.swift in Sources */,
				AB719A6E2A7B2E3E0030F52E /* NetworkError.swift in Sources */,
				AB719A772A7B344E0030F52E /* NetworkConstants.swift in Sources */,
				AB719A7A2A7B34830030F52E /* HTTPMethod.swift in Sources */,
				AB719A742A7B33F20030F52E /* NetworkEndpoint.swift in Sources */,
				AB719A962A7B416A0030F52E /* UserDataResponse.swift in Sources */,
				AB719A902A7B3FBE0030F52E /* UserNetworkInterface.swift in Sources */,
				AB6102242A5CE14200E2F763 /* Black_MarketTests.swift in Sources */,
				AB79627E2A6DF34800F9390F /* ImageExtension.swift in Sources */,
				AB719AB12A81DF3B0030F52E /* SignInRequest.swift in Sources */,
				AB7962852A6DF73300F9390F /* UIConstants.swift in Sources */,
				AB719A8D2A7B3F690030F52E /* UserNetworkService.swift in Sources */,
				AB719A7D2A7B35900030F52E /* NetworkService.swift in Sources */,
				AB719A932A7B40230030F52E /* DefaultResponse.swift in Sources */,
				AB719AA52A81C26A0030F52E /* SignUpRequest.swift in Sources */,
				AB719AAE2A81DCB70030F52E /* PublisherExtension.swift in Sources */,
				AB719A822A7B37300030F52E /* SignInEndpoint.swift in Sources */,
				AB719A872A7B3C570030F52E /* SignUpEndpoint.swift in Sources */,
			);
			runOnlyForDeploymentPostprocessing = 0;
		};
		AB6102252A5CE14200E2F763 /* Sources */ = {
			isa = PBXSourcesBuildPhase;
			buildActionMask = 2147483647;
			files = (
				AB6102302A5CE14200E2F763 /* Black_MarketUITestsLaunchTests.swift in Sources */,
				AB61022E2A5CE14200E2F763 /* Black_MarketUITests.swift in Sources */,
			);
			runOnlyForDeploymentPostprocessing = 0;
		};
/* End PBXSourcesBuildPhase section */

/* Begin PBXTargetDependency section */
		AB6102212A5CE14200E2F763 /* PBXTargetDependency */ = {
			isa = PBXTargetDependency;
			target = AB61020E2A5CE14100E2F763 /* Black-Market */;
			targetProxy = AB6102202A5CE14200E2F763 /* PBXContainerItemProxy */;
		};
		AB61022B2A5CE14200E2F763 /* PBXTargetDependency */ = {
			isa = PBXTargetDependency;
			target = AB61020E2A5CE14100E2F763 /* Black-Market */;
			targetProxy = AB61022A2A5CE14200E2F763 /* PBXContainerItemProxy */;
		};
/* End PBXTargetDependency section */

/* Begin XCBuildConfiguration section */
		AB6102312A5CE14200E2F763 /* Debug */ = {
			isa = XCBuildConfiguration;
			buildSettings = {
				ALWAYS_SEARCH_USER_PATHS = NO;
				CLANG_ANALYZER_NONNULL = YES;
				CLANG_ANALYZER_NUMBER_OBJECT_CONVERSION = YES_AGGRESSIVE;
				CLANG_CXX_LANGUAGE_STANDARD = "gnu++20";
				CLANG_ENABLE_MODULES = YES;
				CLANG_ENABLE_OBJC_ARC = YES;
				CLANG_ENABLE_OBJC_WEAK = YES;
				CLANG_WARN_BLOCK_CAPTURE_AUTORELEASING = YES;
				CLANG_WARN_BOOL_CONVERSION = YES;
				CLANG_WARN_COMMA = YES;
				CLANG_WARN_CONSTANT_CONVERSION = YES;
				CLANG_WARN_DEPRECATED_OBJC_IMPLEMENTATIONS = YES;
				CLANG_WARN_DIRECT_OBJC_ISA_USAGE = YES_ERROR;
				CLANG_WARN_DOCUMENTATION_COMMENTS = YES;
				CLANG_WARN_EMPTY_BODY = YES;
				CLANG_WARN_ENUM_CONVERSION = YES;
				CLANG_WARN_INFINITE_RECURSION = YES;
				CLANG_WARN_INT_CONVERSION = YES;
				CLANG_WARN_NON_LITERAL_NULL_CONVERSION = YES;
				CLANG_WARN_OBJC_IMPLICIT_RETAIN_SELF = YES;
				CLANG_WARN_OBJC_LITERAL_CONVERSION = YES;
				CLANG_WARN_OBJC_ROOT_CLASS = YES_ERROR;
				CLANG_WARN_QUOTED_INCLUDE_IN_FRAMEWORK_HEADER = YES;
				CLANG_WARN_RANGE_LOOP_ANALYSIS = YES;
				CLANG_WARN_STRICT_PROTOTYPES = YES;
				CLANG_WARN_SUSPICIOUS_MOVE = YES;
				CLANG_WARN_UNGUARDED_AVAILABILITY = YES_AGGRESSIVE;
				CLANG_WARN_UNREACHABLE_CODE = YES;
				CLANG_WARN__DUPLICATE_METHOD_MATCH = YES;
				COPY_PHASE_STRIP = NO;
				DEBUG_INFORMATION_FORMAT = dwarf;
				ENABLE_STRICT_OBJC_MSGSEND = YES;
				ENABLE_TESTABILITY = YES;
				GCC_C_LANGUAGE_STANDARD = gnu11;
				GCC_DYNAMIC_NO_PIC = NO;
				GCC_NO_COMMON_BLOCKS = YES;
				GCC_OPTIMIZATION_LEVEL = 0;
				GCC_PREPROCESSOR_DEFINITIONS = (
					"DEBUG=1",
					"$(inherited)",
				);
				GCC_WARN_64_TO_32_BIT_CONVERSION = YES;
				GCC_WARN_ABOUT_RETURN_TYPE = YES_ERROR;
				GCC_WARN_UNDECLARED_SELECTOR = YES;
				GCC_WARN_UNINITIALIZED_AUTOS = YES_AGGRESSIVE;
				GCC_WARN_UNUSED_FUNCTION = YES;
				GCC_WARN_UNUSED_VARIABLE = YES;
				IPHONEOS_DEPLOYMENT_TARGET = 16.4;
				MTL_ENABLE_DEBUG_INFO = INCLUDE_SOURCE;
				MTL_FAST_MATH = YES;
				ONLY_ACTIVE_ARCH = YES;
				SDKROOT = iphoneos;
				SWIFT_ACTIVE_COMPILATION_CONDITIONS = DEBUG;
				SWIFT_OPTIMIZATION_LEVEL = "-Onone";
			};
			name = Debug;
		};
		AB6102322A5CE14200E2F763 /* Release */ = {
			isa = XCBuildConfiguration;
			buildSettings = {
				ALWAYS_SEARCH_USER_PATHS = NO;
				CLANG_ANALYZER_NONNULL = YES;
				CLANG_ANALYZER_NUMBER_OBJECT_CONVERSION = YES_AGGRESSIVE;
				CLANG_CXX_LANGUAGE_STANDARD = "gnu++20";
				CLANG_ENABLE_MODULES = YES;
				CLANG_ENABLE_OBJC_ARC = YES;
				CLANG_ENABLE_OBJC_WEAK = YES;
				CLANG_WARN_BLOCK_CAPTURE_AUTORELEASING = YES;
				CLANG_WARN_BOOL_CONVERSION = YES;
				CLANG_WARN_COMMA = YES;
				CLANG_WARN_CONSTANT_CONVERSION = YES;
				CLANG_WARN_DEPRECATED_OBJC_IMPLEMENTATIONS = YES;
				CLANG_WARN_DIRECT_OBJC_ISA_USAGE = YES_ERROR;
				CLANG_WARN_DOCUMENTATION_COMMENTS = YES;
				CLANG_WARN_EMPTY_BODY = YES;
				CLANG_WARN_ENUM_CONVERSION = YES;
				CLANG_WARN_INFINITE_RECURSION = YES;
				CLANG_WARN_INT_CONVERSION = YES;
				CLANG_WARN_NON_LITERAL_NULL_CONVERSION = YES;
				CLANG_WARN_OBJC_IMPLICIT_RETAIN_SELF = YES;
				CLANG_WARN_OBJC_LITERAL_CONVERSION = YES;
				CLANG_WARN_OBJC_ROOT_CLASS = YES_ERROR;
				CLANG_WARN_QUOTED_INCLUDE_IN_FRAMEWORK_HEADER = YES;
				CLANG_WARN_RANGE_LOOP_ANALYSIS = YES;
				CLANG_WARN_STRICT_PROTOTYPES = YES;
				CLANG_WARN_SUSPICIOUS_MOVE = YES;
				CLANG_WARN_UNGUARDED_AVAILABILITY = YES_AGGRESSIVE;
				CLANG_WARN_UNREACHABLE_CODE = YES;
				CLANG_WARN__DUPLICATE_METHOD_MATCH = YES;
				COPY_PHASE_STRIP = NO;
				DEBUG_INFORMATION_FORMAT = "dwarf-with-dsym";
				ENABLE_NS_ASSERTIONS = NO;
				ENABLE_STRICT_OBJC_MSGSEND = YES;
				GCC_C_LANGUAGE_STANDARD = gnu11;
				GCC_NO_COMMON_BLOCKS = YES;
				GCC_WARN_64_TO_32_BIT_CONVERSION = YES;
				GCC_WARN_ABOUT_RETURN_TYPE = YES_ERROR;
				GCC_WARN_UNDECLARED_SELECTOR = YES;
				GCC_WARN_UNINITIALIZED_AUTOS = YES_AGGRESSIVE;
				GCC_WARN_UNUSED_FUNCTION = YES;
				GCC_WARN_UNUSED_VARIABLE = YES;
				IPHONEOS_DEPLOYMENT_TARGET = 16.4;
				MTL_ENABLE_DEBUG_INFO = NO;
				MTL_FAST_MATH = YES;
				SDKROOT = iphoneos;
				SWIFT_COMPILATION_MODE = wholemodule;
				SWIFT_OPTIMIZATION_LEVEL = "-O";
				VALIDATE_PRODUCT = YES;
			};
			name = Release;
		};
		AB6102342A5CE14200E2F763 /* Debug */ = {
			isa = XCBuildConfiguration;
			buildSettings = {
				ASSETCATALOG_COMPILER_APPICON_NAME = AppIcon;
				ASSETCATALOG_COMPILER_GLOBAL_ACCENT_COLOR_NAME = AccentColor;
				BASE_URL = "https://black-market-juan-rs.herokuapp.com/";
				CODE_SIGN_STYLE = Automatic;
				CURRENT_PROJECT_VERSION = 1;
				DEVELOPMENT_ASSET_PATHS = "\"Black-Market/Preview Content\"";
				DEVELOPMENT_TEAM = XG4JVYZBDV;
				ENABLE_PREVIEWS = YES;
				GENERATE_INFOPLIST_FILE = YES;
				INFOPLIST_FILE = "Black-Market/Info.plist";
				INFOPLIST_KEY_UIApplicationSceneManifest_Generation = YES;
				INFOPLIST_KEY_UIApplicationSupportsIndirectInputEvents = YES;
				INFOPLIST_KEY_UILaunchScreen_Generation = YES;
				INFOPLIST_KEY_UISupportedInterfaceOrientations_iPad = "UIInterfaceOrientationPortrait UIInterfaceOrientationPortraitUpsideDown UIInterfaceOrientationLandscapeLeft UIInterfaceOrientationLandscapeRight";
				INFOPLIST_KEY_UISupportedInterfaceOrientations_iPhone = "UIInterfaceOrientationPortrait UIInterfaceOrientationLandscapeLeft UIInterfaceOrientationLandscapeRight";
				LD_RUNPATH_SEARCH_PATHS = (
					"$(inherited)",
					"@executable_path/Frameworks",
				);
				MARKETING_VERSION = 1.0;
				PRODUCT_BUNDLE_IDENTIFIER = "juniorS.Black-Market";
				PRODUCT_NAME = "$(TARGET_NAME)";
				SWIFT_EMIT_LOC_STRINGS = YES;
				SWIFT_VERSION = 5.0;
				TARGETED_DEVICE_FAMILY = "1,2";
			};
			name = Debug;
		};
		AB6102352A5CE14200E2F763 /* Release */ = {
			isa = XCBuildConfiguration;
			buildSettings = {
				ASSETCATALOG_COMPILER_APPICON_NAME = AppIcon;
				ASSETCATALOG_COMPILER_GLOBAL_ACCENT_COLOR_NAME = AccentColor;
				BASE_URL = "https://black-market-juan-rs.herokuapp.com/";
				CODE_SIGN_STYLE = Automatic;
				CURRENT_PROJECT_VERSION = 1;
				DEVELOPMENT_ASSET_PATHS = "\"Black-Market/Preview Content\"";
				DEVELOPMENT_TEAM = XG4JVYZBDV;
				ENABLE_PREVIEWS = YES;
				GENERATE_INFOPLIST_FILE = YES;
				INFOPLIST_FILE = "Black-Market/Info.plist";
				INFOPLIST_KEY_UIApplicationSceneManifest_Generation = YES;
				INFOPLIST_KEY_UIApplicationSupportsIndirectInputEvents = YES;
				INFOPLIST_KEY_UILaunchScreen_Generation = YES;
				INFOPLIST_KEY_UISupportedInterfaceOrientations_iPad = "UIInterfaceOrientationPortrait UIInterfaceOrientationPortraitUpsideDown UIInterfaceOrientationLandscapeLeft UIInterfaceOrientationLandscapeRight";
				INFOPLIST_KEY_UISupportedInterfaceOrientations_iPhone = "UIInterfaceOrientationPortrait UIInterfaceOrientationLandscapeLeft UIInterfaceOrientationLandscapeRight";
				LD_RUNPATH_SEARCH_PATHS = (
					"$(inherited)",
					"@executable_path/Frameworks",
				);
				MARKETING_VERSION = 1.0;
				PRODUCT_BUNDLE_IDENTIFIER = "juniorS.Black-Market";
				PRODUCT_NAME = "$(TARGET_NAME)";
				SWIFT_EMIT_LOC_STRINGS = YES;
				SWIFT_VERSION = 5.0;
				TARGETED_DEVICE_FAMILY = "1,2";
			};
			name = Release;
		};
		AB6102372A5CE14200E2F763 /* Debug */ = {
			isa = XCBuildConfiguration;
			buildSettings = {
				ALWAYS_EMBED_SWIFT_STANDARD_LIBRARIES = YES;
				BUNDLE_LOADER = "$(TEST_HOST)";
				CODE_SIGN_STYLE = Automatic;
				CURRENT_PROJECT_VERSION = 1;
				DEVELOPMENT_TEAM = XG4JVYZBDV;
				GENERATE_INFOPLIST_FILE = YES;
				IPHONEOS_DEPLOYMENT_TARGET = 16.4;
				MARKETING_VERSION = 1.0;
				PRODUCT_BUNDLE_IDENTIFIER = "juniorS.Black-MarketTests";
				PRODUCT_NAME = "$(TARGET_NAME)";
				SWIFT_EMIT_LOC_STRINGS = NO;
				SWIFT_VERSION = 5.0;
				TARGETED_DEVICE_FAMILY = "1,2";
				TEST_HOST = "$(BUILT_PRODUCTS_DIR)/Black-Market.app/$(BUNDLE_EXECUTABLE_FOLDER_PATH)/Black-Market";
			};
			name = Debug;
		};
		AB6102382A5CE14200E2F763 /* Release */ = {
			isa = XCBuildConfiguration;
			buildSettings = {
				ALWAYS_EMBED_SWIFT_STANDARD_LIBRARIES = YES;
				BUNDLE_LOADER = "$(TEST_HOST)";
				CODE_SIGN_STYLE = Automatic;
				CURRENT_PROJECT_VERSION = 1;
				DEVELOPMENT_TEAM = XG4JVYZBDV;
				GENERATE_INFOPLIST_FILE = YES;
				IPHONEOS_DEPLOYMENT_TARGET = 16.4;
				MARKETING_VERSION = 1.0;
				PRODUCT_BUNDLE_IDENTIFIER = "juniorS.Black-MarketTests";
				PRODUCT_NAME = "$(TARGET_NAME)";
				SWIFT_EMIT_LOC_STRINGS = NO;
				SWIFT_VERSION = 5.0;
				TARGETED_DEVICE_FAMILY = "1,2";
				TEST_HOST = "$(BUILT_PRODUCTS_DIR)/Black-Market.app/$(BUNDLE_EXECUTABLE_FOLDER_PATH)/Black-Market";
			};
			name = Release;
		};
		AB61023A2A5CE14200E2F763 /* Debug */ = {
			isa = XCBuildConfiguration;
			buildSettings = {
				ALWAYS_EMBED_SWIFT_STANDARD_LIBRARIES = YES;
				CODE_SIGN_STYLE = Automatic;
				CURRENT_PROJECT_VERSION = 1;
				DEVELOPMENT_TEAM = XG4JVYZBDV;
				GENERATE_INFOPLIST_FILE = YES;
				MARKETING_VERSION = 1.0;
				PRODUCT_BUNDLE_IDENTIFIER = "juniorS.Black-MarketUITests";
				PRODUCT_NAME = "$(TARGET_NAME)";
				SWIFT_EMIT_LOC_STRINGS = NO;
				SWIFT_VERSION = 5.0;
				TARGETED_DEVICE_FAMILY = "1,2";
				TEST_TARGET_NAME = "Black-Market";
			};
			name = Debug;
		};
		AB61023B2A5CE14200E2F763 /* Release */ = {
			isa = XCBuildConfiguration;
			buildSettings = {
				ALWAYS_EMBED_SWIFT_STANDARD_LIBRARIES = YES;
				CODE_SIGN_STYLE = Automatic;
				CURRENT_PROJECT_VERSION = 1;
				DEVELOPMENT_TEAM = XG4JVYZBDV;
				GENERATE_INFOPLIST_FILE = YES;
				MARKETING_VERSION = 1.0;
				PRODUCT_BUNDLE_IDENTIFIER = "juniorS.Black-MarketUITests";
				PRODUCT_NAME = "$(TARGET_NAME)";
				SWIFT_EMIT_LOC_STRINGS = NO;
				SWIFT_VERSION = 5.0;
				TARGETED_DEVICE_FAMILY = "1,2";
				TEST_TARGET_NAME = "Black-Market";
			};
			name = Release;
		};
/* End XCBuildConfiguration section */

/* Begin XCConfigurationList section */
		AB61020A2A5CE14000E2F763 /* Build configuration list for PBXProject "Black-Market" */ = {
			isa = XCConfigurationList;
			buildConfigurations = (
				AB6102312A5CE14200E2F763 /* Debug */,
				AB6102322A5CE14200E2F763 /* Release */,
			);
			defaultConfigurationIsVisible = 0;
			defaultConfigurationName = Release;
		};
		AB6102332A5CE14200E2F763 /* Build configuration list for PBXNativeTarget "Black-Market" */ = {
			isa = XCConfigurationList;
			buildConfigurations = (
				AB6102342A5CE14200E2F763 /* Debug */,
				AB6102352A5CE14200E2F763 /* Release */,
			);
			defaultConfigurationIsVisible = 0;
			defaultConfigurationName = Release;
		};
		AB6102362A5CE14200E2F763 /* Build configuration list for PBXNativeTarget "Black-MarketTests" */ = {
			isa = XCConfigurationList;
			buildConfigurations = (
				AB6102372A5CE14200E2F763 /* Debug */,
				AB6102382A5CE14200E2F763 /* Release */,
			);
			defaultConfigurationIsVisible = 0;
			defaultConfigurationName = Release;
		};
		AB6102392A5CE14200E2F763 /* Build configuration list for PBXNativeTarget "Black-MarketUITests" */ = {
			isa = XCConfigurationList;
			buildConfigurations = (
				AB61023A2A5CE14200E2F763 /* Debug */,
				AB61023B2A5CE14200E2F763 /* Release */,
			);
			defaultConfigurationIsVisible = 0;
			defaultConfigurationName = Release;
		};
/* End XCConfigurationList section */
	};
	rootObject = AB6102072A5CE14000E2F763 /* Project object */;
}
